# This file is automatically @generated by Poetry 1.8.4 and should not be changed by hand.

[[package]]
name = "attrs"
version = "24.2.0"
description = "Classes Without Boilerplate"
optional = false
python-versions = ">=3.7"
files = [
    {file = "attrs-24.2.0-py3-none-any.whl", hash = "sha256:81921eb96de3191c8258c199618104dd27ac608d9366f5e35d011eae1867ede2"},
    {file = "attrs-24.2.0.tar.gz", hash = "sha256:5cfb1b9148b5b086569baec03f20d7b6bf3bcacc9a42bebf87ffaaca362f6346"},
]

[package.extras]
benchmark = ["cloudpickle", "hypothesis", "mypy (>=1.11.1)", "pympler", "pytest (>=4.3.0)", "pytest-codspeed", "pytest-mypy-plugins", "pytest-xdist[psutil]"]
cov = ["cloudpickle", "coverage[toml] (>=5.3)", "hypothesis", "mypy (>=1.11.1)", "pympler", "pytest (>=4.3.0)", "pytest-mypy-plugins", "pytest-xdist[psutil]"]
dev = ["cloudpickle", "hypothesis", "mypy (>=1.11.1)", "pre-commit", "pympler", "pytest (>=4.3.0)", "pytest-mypy-plugins", "pytest-xdist[psutil]"]
docs = ["cogapp", "furo", "myst-parser", "sphinx", "sphinx-notfound-page", "sphinxcontrib-towncrier", "towncrier (<24.7)"]
tests = ["cloudpickle", "hypothesis", "mypy (>=1.11.1)", "pympler", "pytest (>=4.3.0)", "pytest-mypy-plugins", "pytest-xdist[psutil]"]
tests-mypy = ["mypy (>=1.11.1)", "pytest-mypy-plugins"]

[[package]]
name = "cattrs"
version = "24.1.2"
description = "Composable complex class support for attrs and dataclasses."
optional = false
python-versions = ">=3.8"
files = [
    {file = "cattrs-24.1.2-py3-none-any.whl", hash = "sha256:67c7495b760168d931a10233f979b28dc04daf853b30752246f4f8471c6d68d0"},
    {file = "cattrs-24.1.2.tar.gz", hash = "sha256:8028cfe1ff5382df59dd36474a86e02d817b06eaf8af84555441bac915d2ef85"},
]

[package.dependencies]
attrs = ">=23.1.0"

[package.extras]
bson = ["pymongo (>=4.4.0)"]
cbor2 = ["cbor2 (>=5.4.6)"]
msgpack = ["msgpack (>=1.0.5)"]
msgspec = ["msgspec (>=0.18.5)"]
orjson = ["orjson (>=3.9.2)"]
pyyaml = ["pyyaml (>=6.0)"]
tomlkit = ["tomlkit (>=0.11.8)"]
ujson = ["ujson (>=5.7.0)"]

[[package]]
name = "orjson"
version = "3.10.9"
description = "Fast, correct Python JSON library supporting dataclasses, datetimes, and numpy"
optional = false
python-versions = ">=3.8"
files = [
    {file = "orjson-3.10.9-cp310-cp310-macosx_10_15_x86_64.macosx_11_0_arm64.macosx_10_15_universal2.whl", hash = "sha256:a377186a11b48c55969e34f0aa414c2826a234f212d6f2b312ba512e3cdb2c6f"},
    {file = "orjson-3.10.9-cp310-cp310-manylinux_2_17_aarch64.manylinux2014_aarch64.whl", hash = "sha256:0bf37bf0ca538065c34efe1803378b2dadd7e05b06610a086c2857f15ee59e12"},
    {file = "orjson-3.10.9-cp310-cp310-manylinux_2_17_armv7l.manylinux2014_armv7l.whl", hash = "sha256:7d9d83a91168aa48309acba804e393b7d9216b66f15e38f339b9fbb00db8986d"},
    {file = "orjson-3.10.9-cp310-cp310-manylinux_2_17_ppc64le.manylinux2014_ppc64le.whl", hash = "sha256:e0014038a17a1fe273da0a5489787677ef5a64566ab383ad6d929e44ed5683f4"},
    {file = "orjson-3.10.9-cp310-cp310-manylinux_2_17_s390x.manylinux2014_s390x.whl", hash = "sha256:d6ae1b1733e4528e45675ed09a732b6ac37d716bce2facaf467f84ce774adecd"},
    {file = "orjson-3.10.9-cp310-cp310-manylinux_2_17_x86_64.manylinux2014_x86_64.whl", hash = "sha256:fe91c2259c4a859356b6db1c6e649b40577492f66d483da8b8af6da0f87c00e3"},
    {file = "orjson-3.10.9-cp310-cp310-musllinux_1_2_aarch64.whl", hash = "sha256:a04f912c32463386ba117591c99a3d9e40b3b69bed9c5123d89dff06f0f5a4b0"},
    {file = "orjson-3.10.9-cp310-cp310-musllinux_1_2_x86_64.whl", hash = "sha256:ae82ca347829ca47431767b079f96bb977f592189250ccdede676339a80c8982"},
    {file = "orjson-3.10.9-cp310-none-win32.whl", hash = "sha256:fd5083906825d7f5d23089425ce5424d783d6294020bcabb8518a3e1f97833e5"},
    {file = "orjson-3.10.9-cp310-none-win_amd64.whl", hash = "sha256:e9ff9521b5be0340c8e686bcfe2619777fd7583f71e7b494601cc91ad3919d2e"},
    {file = "orjson-3.10.9-cp311-cp311-macosx_10_15_x86_64.macosx_11_0_arm64.macosx_10_15_universal2.whl", hash = "sha256:f3bd9df47385b8fabb3b2ee1e83f9960b8accc1905be971a1c257f16c32b491e"},
    {file = "orjson-3.10.9-cp311-cp311-manylinux_2_17_aarch64.manylinux2014_aarch64.whl", hash = "sha256:a4948961b6bce1e2086b2cf0b56cc454cdab589d40c7f85be71fb5a5556c51d3"},
    {file = "orjson-3.10.9-cp311-cp311-manylinux_2_17_armv7l.manylinux2014_armv7l.whl", hash = "sha256:0a9fc7a6cf2b229ddc323e136df13b3fb4466c50d84ed600cd0898223dd2fea3"},
    {file = "orjson-3.10.9-cp311-cp311-manylinux_2_17_ppc64le.manylinux2014_ppc64le.whl", hash = "sha256:2314846e1029a2d2b899140f350eaaf3a73281df43ba84ac44d94ca861b5b269"},
    {file = "orjson-3.10.9-cp311-cp311-manylinux_2_17_s390x.manylinux2014_s390x.whl", hash = "sha256:f52d993504827503411df2d60e60acf52885561458d6273f99ecd172f31c4352"},
    {file = "orjson-3.10.9-cp311-cp311-manylinux_2_17_x86_64.manylinux2014_x86_64.whl", hash = "sha256:e29bbf08d907756c145a3a3a1f7ce2f11f15e3edbd3342842589d6030981b76f"},
    {file = "orjson-3.10.9-cp311-cp311-musllinux_1_2_aarch64.whl", hash = "sha256:7ae82992c00b480c3cc7dac6739324554be8c5d8e858a90044928506a3333ef4"},
    {file = "orjson-3.10.9-cp311-cp311-musllinux_1_2_x86_64.whl", hash = "sha256:6fdf8d32b6d94019dc15163542d345e9ce4c4661f56b318608aa3088a1a3a23b"},
    {file = "orjson-3.10.9-cp311-none-win32.whl", hash = "sha256:01f5fef452b4d7615f2e94153479370a4b59e0c964efb32dd902978f807a45cd"},
    {file = "orjson-3.10.9-cp311-none-win_amd64.whl", hash = "sha256:95361c4197c7ce9afdf56255de6f4e2474c39d16a277cce31d1b99a2520486d8"},
    {file = "orjson-3.10.9-cp312-cp312-macosx_10_15_x86_64.macosx_11_0_arm64.macosx_10_15_universal2.whl", hash = "sha256:43ad5560db54331c007dc38be5ba7706cb72974a29ae8227019d89305d750a6f"},
    {file = "orjson-3.10.9-cp312-cp312-manylinux_2_17_aarch64.manylinux2014_aarch64.whl", hash = "sha256:1471c3274b1a4a9b8f4b9ed6effaea9ad885796373797515c44b365b375c256d"},
    {file = "orjson-3.10.9-cp312-cp312-manylinux_2_17_armv7l.manylinux2014_armv7l.whl", hash = "sha256:41d8cac575acd15918903d74cfaabb5dbe57b357b93341332f647d1013928dcc"},
    {file = "orjson-3.10.9-cp312-cp312-manylinux_2_17_ppc64le.manylinux2014_ppc64le.whl", hash = "sha256:2920c8754f1aedc98bd357ec172af18ce48f5f1017a92244c85fe41d16d3c6e0"},
    {file = "orjson-3.10.9-cp312-cp312-manylinux_2_17_s390x.manylinux2014_s390x.whl", hash = "sha256:c7fa3ff6a0d9d15a0d0d2254cca16cd919156a18423654ce5574591392fe9914"},
    {file = "orjson-3.10.9-cp312-cp312-manylinux_2_17_x86_64.manylinux2014_x86_64.whl", hash = "sha256:e1e91b90c0c26bd79593967c1adef421bcff88c9e723d49c93bb7ad8af80bc6b"},
    {file = "orjson-3.10.9-cp312-cp312-musllinux_1_2_aarch64.whl", hash = "sha256:f11949024f785ace1a516db32fa6255f6227226b2c988abf66f5aee61d43d8f7"},
    {file = "orjson-3.10.9-cp312-cp312-musllinux_1_2_x86_64.whl", hash = "sha256:060e020d85d0ec145bc1b536b1fd9c10a0519c91991ead9724d6f759ebe26b9a"},
    {file = "orjson-3.10.9-cp312-none-win32.whl", hash = "sha256:71f73439999fe662843da3607cdf6e75b1551c330f487e5801d463d969091c63"},
    {file = "orjson-3.10.9-cp312-none-win_amd64.whl", hash = "sha256:12e2efe81356b8448f1cd130f8d75d3718de583112d71f2e2f8baa81bd835bb9"},
    {file = "orjson-3.10.9-cp313-cp313-macosx_10_15_x86_64.macosx_11_0_arm64.macosx_10_15_universal2.whl", hash = "sha256:0ab6e3ad10e964392f0e838751bcce2ef9c8fa8be7deddffff83088e5791566d"},
    {file = "orjson-3.10.9-cp313-cp313-manylinux_2_17_x86_64.manylinux2014_x86_64.whl", hash = "sha256:68ef65223baab00f469c8698f771ab3e6ccf6af2a987e77de5b566b4ec651150"},
    {file = "orjson-3.10.9-cp313-cp313-musllinux_1_2_aarch64.whl", hash = "sha256:6f130848205fea90a2cb9fa2b11cafff9a9f31f4efad225800bc8b9e4a702f24"},
    {file = "orjson-3.10.9-cp313-cp313-musllinux_1_2_x86_64.whl", hash = "sha256:2ea7a98f3295ed8adb6730a5788cc78dafea28300d19932a1d2143457f7db802"},
    {file = "orjson-3.10.9-cp313-none-win32.whl", hash = "sha256:bdce39f96149a74fddeb2674c54f1da5e57724d32952eb6df2ac719b66d453cc"},
    {file = "orjson-3.10.9-cp313-none-win_amd64.whl", hash = "sha256:d11383701d4b58e795039b662ada46987744293d57bfa2719e7379b8d67bc796"},
    {file = "orjson-3.10.9-cp38-cp38-macosx_10_15_x86_64.macosx_11_0_arm64.macosx_10_15_universal2.whl", hash = "sha256:1c3a1e845916a3739ab4162bb48dee66e0e727a19faf397176a7db0d9826cc3c"},
    {file = "orjson-3.10.9-cp38-cp38-manylinux_2_17_aarch64.manylinux2014_aarch64.whl", hash = "sha256:063ca59d93d93d1387f0c4bb766c6d4f5b0e423fe7c366d0bd4401a56d1669d1"},
    {file = "orjson-3.10.9-cp38-cp38-manylinux_2_17_armv7l.manylinux2014_armv7l.whl", hash = "sha256:938b7fcd79cf06fe348fb24b6163fbaa2fdc9fbed8b1f06318f24467f1487e63"},
    {file = "orjson-3.10.9-cp38-cp38-manylinux_2_17_ppc64le.manylinux2014_ppc64le.whl", hash = "sha256:cc32a9e43c7693011ccde6f8eff8cba75ca0d2a55de11092faa4a716101e67f5"},
    {file = "orjson-3.10.9-cp38-cp38-manylinux_2_17_s390x.manylinux2014_s390x.whl", hash = "sha256:1b3069b7e2f57f3eef2282029b9c2ba21f08a55f1018e483663a3356f046af4c"},
    {file = "orjson-3.10.9-cp38-cp38-manylinux_2_17_x86_64.manylinux2014_x86_64.whl", hash = "sha256:b4289b5d1f88fd05dcafdd7a1f3b17bb722e77712b7618f98e86bdda560e0a1a"},
    {file = "orjson-3.10.9-cp38-cp38-musllinux_1_2_aarch64.whl", hash = "sha256:74f5a7a7f282d326be71b722b0c350da7af6f5f15b9378da177e0e4a09bd91a3"},
    {file = "orjson-3.10.9-cp38-cp38-musllinux_1_2_x86_64.whl", hash = "sha256:80e0c013e50cf7198319d8137931684eb9f32daa067e8276d9dbdd4010bb4add"},
    {file = "orjson-3.10.9-cp38-none-win32.whl", hash = "sha256:9d989152df8f60a76867354e0e08d896292ab9fb96a7ef89a5b3838de174522c"},
    {file = "orjson-3.10.9-cp38-none-win_amd64.whl", hash = "sha256:485358fe9892d6bfd88e5885b66bf88496e1842c8f35f61682ff9928b12a6cf0"},
    {file = "orjson-3.10.9-cp39-cp39-macosx_10_15_x86_64.macosx_11_0_arm64.macosx_10_15_universal2.whl", hash = "sha256:ca54e6f320e33c8a6e471c424ee16576361d905c15d69e134c2906d3fcb31795"},
    {file = "orjson-3.10.9-cp39-cp39-manylinux_2_17_aarch64.manylinux2014_aarch64.whl", hash = "sha256:f9a9eb03a29c9b30b6c8bb35e5fa20d96589a76e0042005be59b7c3af10a7e43"},
    {file = "orjson-3.10.9-cp39-cp39-manylinux_2_17_armv7l.manylinux2014_armv7l.whl", hash = "sha256:731e8859fc99b398c286320726906404091141e9223dd5e9e6917f7e32e1cc68"},
    {file = "orjson-3.10.9-cp39-cp39-manylinux_2_17_ppc64le.manylinux2014_ppc64le.whl", hash = "sha256:75b061c11f5aab979a95927a76394b4a85e3e4d63d0a2a16b56a4f7c6503afab"},
    {file = "orjson-3.10.9-cp39-cp39-manylinux_2_17_s390x.manylinux2014_s390x.whl", hash = "sha256:b61b08f6397f004570fd6a840f4a58946b63b4c7029408cdedb45fe85c7d17f7"},
    {file = "orjson-3.10.9-cp39-cp39-manylinux_2_17_x86_64.manylinux2014_x86_64.whl", hash = "sha256:0c4f5e0360b7f0aba91dafe12469108109a0e8973956d4a9865ca262a6881406"},
    {file = "orjson-3.10.9-cp39-cp39-musllinux_1_2_aarch64.whl", hash = "sha256:e403429e2947a059545e305d97e4b0eb90d3bb44b396d6f327d7ae2018391e13"},
    {file = "orjson-3.10.9-cp39-cp39-musllinux_1_2_x86_64.whl", hash = "sha256:0e492b93e122264c2dc78700859122631a4715bda88fabf57d9226954cfe7ec5"},
    {file = "orjson-3.10.9-cp39-none-win32.whl", hash = "sha256:bfba9605e85bfd19b83a21c2c25c2bed2000d5f097f3fa3ad5b5f8a7263a3148"},
    {file = "orjson-3.10.9-cp39-none-win_amd64.whl", hash = "sha256:77d277fa138d4bf145e8b24042004891c188c52ac8492724a183f42b0031cf0c"},
    {file = "orjson-3.10.9.tar.gz", hash = "sha256:c378074e0c46035dc66e57006993233ec66bf8487d501bab41649b4b7289ed4d"},
]

[metadata]
lock-version = "2.0"
python-versions = "^3.13"
content-hash = "9e0f7844137351eda3d1fb0eef7f5b31fc2eb6b32947949f394b36cf16b07070"
